// !$*UTF8*$!
{
	archiveVersion = 1;
	classes = {
	};
	objectVersion = 50;
	objects = {

/* Begin PBXBuildFile section */
		F9F1C3C5259FC5CC0071FC38 /* AppDelegate.swift in Sources */ = {isa = PBXBuildFile; fileRef = F9F1C3C4259FC5CC0071FC38 /* AppDelegate.swift */; };
		F9F1C3C7259FC5CC0071FC38 /* SceneDelegate.swift in Sources */ = {isa = PBXBuildFile; fileRef = F9F1C3C6259FC5CC0071FC38 /* SceneDelegate.swift */; };
		F9F1C3C9259FC5CC0071FC38 /* ViewController.swift in Sources */ = {isa = PBXBuildFile; fileRef = F9F1C3C8259FC5CC0071FC38 /* ViewController.swift */; };
		F9F1C3CC259FC5CC0071FC38 /* Main.storyboard in Resources */ = {isa = PBXBuildFile; fileRef = F9F1C3CA259FC5CC0071FC38 /* Main.storyboard */; };
		F9F1C3CE259FC5CE0071FC38 /* Assets.xcassets in Resources */ = {isa = PBXBuildFile; fileRef = F9F1C3CD259FC5CE0071FC38 /* Assets.xcassets */; };
		F9F1C3D1259FC5CE0071FC38 /* LaunchScreen.storyboard in Resources */ = {isa = PBXBuildFile; fileRef = F9F1C3CF259FC5CE0071FC38 /* LaunchScreen.storyboard */; };
/* End PBXBuildFile section */

/* Begin PBXFileReference section */
		F9F1C3C1259FC5CC0071FC38 /* Pikachu Catch.app */ = {isa = PBXFileReference; explicitFileType = wrapper.application; includeInIndex = 0; path = "Pikachu Catch.app"; sourceTree = BUILT_PRODUCTS_DIR; };
		F9F1C3C4259FC5CC0071FC38 /* AppDelegate.swift */ = {isa = PBXFileReference; lastKnownFileType = sourcecode.swift; path = AppDelegate.swift; sourceTree = "<group>"; };
		F9F1C3C6259FC5CC0071FC38 /* SceneDelegate.swift */ = {isa = PBXFileReference; lastKnownFileType = sourcecode.swift; path = SceneDelegate.swift; sourceTree = "<group>"; };
		F9F1C3C8259FC5CC0071FC38 /* ViewController.swift */ = {isa = PBXFileReference; lastKnownFileType = sourcecode.swift; path = ViewController.swift; sourceTree = "<group>"; };
		F9F1C3CB259FC5CC0071FC38 /* Base */ = {isa = PBXFileReference; lastKnownFileType = file.storyboard; name = Base; path = Base.lproj/Main.storyboard; sourceTree = "<group>"; };
		F9F1C3CD259FC5CE0071FC38 /* Assets.xcassets */ = {isa = PBXFileReference; lastKnownFileType = folder.assetcatalog; path = Assets.xcassets; sourceTree = "<group>"; };
		F9F1C3D0259FC5CE0071FC38 /* Base */ = {isa = PBXFileReference; lastKnownFileType = file.storyboard; name = Base; path = Base.lproj/LaunchScreen.storyboard; sourceTree = "<group>"; };
		F9F1C3D2259FC5CE0071FC38 /* Info.plist */ = {isa = PBXFileReference; lastKnownFileType = text.plist.xml; path = Info.plist; sourceTree = "<group>"; };
/* End PBXFileReference section */

/* Begin PBXFrameworksBuildPhase section */
		F9F1C3BE259FC5CC0071FC38 /* Frameworks */ = {
			isa = PBXFrameworksBuildPhase;
			buildActionMask = 2147483647;
			files = (
			);
			runOnlyForDeploymentPostprocessing = 0;
		};
/* End PBXFrameworksBuildPhase section */

/* Begin PBXGroup section */
		F9F1C3B8259FC5CC0071FC38 = {
			isa = PBXGroup;
			children = (
				F9F1C3C3259FC5CC0071FC38 /* Pikachu Catch */,
				F9F1C3C2259FC5CC0071FC38 /* Products */,
			);
			sourceTree = "<group>";
		};
		F9F1C3C2259FC5CC0071FC38 /* Products */ = {
			isa = PBXGroup;
			children = (
				F9F1C3C1259FC5CC0071FC38 /* Pikachu Catch.app */,
			);
			name = Products;
			sourceTree = "<group>";
		};
		F9F1C3C3259FC5CC0071FC38 /* Pikachu Catch */ = {
			isa = PBXGroup;
			children = (
				F9F1C3C4259FC5CC0071FC38 /* AppDelegate.swift */,
				F9F1C3C6259FC5CC0071FC38 /* SceneDelegate.swift */,
				F9F1C3C8259FC5CC0071FC38 /* ViewController.swift */,
				F9F1C3CA259FC5CC0071FC38 /* Main.storyboard */,
				F9F1C3CD259FC5CE0071FC38 /* Assets.xcassets */,
				F9F1C3CF259FC5CE0071FC38 /* LaunchScreen.storyboard */,
				F9F1C3D2259FC5CE0071FC38 /* Info.plist */,
			);
			path = "Pikachu Catch";
			sourceTree = "<group>";
		};
/* End PBXGroup section */

/* Begin PBXNativeTarget section */
		F9F1C3C0259FC5CC0071FC38 /* Pikachu Catch */ = {
			isa = PBXNativeTarget;
			buildConfigurationList = F9F1C3D5259FC5CE0071FC38 /* Build configuration list for PBXNativeTarget "Pikachu Catch" */;
			buildPhases = (
				F9F1C3BD259FC5CC0071FC38 /* Sources */,
				F9F1C3BE259FC5CC0071FC38 /* Frameworks */,
				F9F1C3BF259FC5CC0071FC38 /* Resources */,
			);
			buildRules = (
			);
			dependencies = (
			);
			name = "Pikachu Catch";
			productName = "Pikachu Catch";
			productReference = F9F1C3C1259FC5CC0071FC38 /* Pikachu Catch.app */;
			productType = "com.apple.product-type.application";
		};
/* End PBXNativeTarget section */

/* Begin PBXProject section */
		F9F1C3B9259FC5CC0071FC38 /* Project object */ = {
			isa = PBXProject;
			attributes = {
				LastSwiftUpdateCheck = 1220;
				LastUpgradeCheck = 1220;
				TargetAttributes = {
					F9F1C3C0259FC5CC0071FC38 = {
						CreatedOnToolsVersion = 12.2;
					};
				};
			};
			buildConfigurationList = F9F1C3BC259FC5CC0071FC38 /* Build configuration list for PBXProject "Pikachu Catch" */;
			compatibilityVersion = "Xcode 9.3";
			developmentRegion = en;
			hasScannedForEncodings = 0;
			knownRegions = (
				en,
				Base,
			);
			mainGroup = F9F1C3B8259FC5CC0071FC38;
			productRefGroup = F9F1C3C2259FC5CC0071FC38 /* Products */;
			projectDirPath = "";
			projectRoot = "";
			targets = (
				F9F1C3C0259FC5CC0071FC38 /* Pikachu Catch */,
			);
		};
/* End PBXProject section */

/* Begin PBXResourcesBuildPhase section */
		F9F1C3BF259FC5CC0071FC38 /* Resources */ = {
			isa = PBXResourcesBuildPhase;
			buildActionMask = 2147483647;
			files = (
				F9F1C3D1259FC5CE0071FC38 /* LaunchScreen.storyboard in Resources */,
				F9F1C3CE259FC5CE0071FC38 /* Assets.xcassets in Resources */,
				F9F1C3CC259FC5CC0071FC38 /* Main.storyboard in Resources */,
			);
			runOnlyForDeploymentPostprocessing = 0;
		};
/* End PBXResourcesBuildPhase section */

/* Begin PBXSourcesBuildPhase section */
		F9F1C3BD259FC5CC0071FC38 /* Sources */ = {
			isa = PBXSourcesBuildPhase;
			buildActionMask = 2147483647;
			files = (
				F9F1C3C9259FC5CC0071FC38 /* ViewController.swift in Sources */,
				F9F1C3C5259FC5CC0071FC38 /* AppDelegate.swift in Sources */,
				F9F1C3C7259FC5CC0071FC38 /* SceneDelegate.swift in Sources */,
			);
			runOnlyForDeploymentPostprocessing = 0;
		};
/* End PBXSourcesBuildPhase section */

/* Begin PBXVariantGroup section */
		F9F1C3CA259FC5CC0071FC38 /* Main.storyboard */ = {
			isa = PBXVariantGroup;
			children = (
				F9F1C3CB259FC5CC0071FC38 /* Base */,
			);
			name = Main.storyboard;
			sourceTree = "<group>";
		};
		F9F1C3CF259FC5CE0071FC38 /* LaunchScreen.storyboard */ = {
			isa = PBXVariantGroup;
			children = (
				F9F1C3D0259FC5CE0071FC38 /* Base */,
			);
			name = LaunchScreen.storyboard;
			sourceTree = "<group>";
		};
/* End PBXVariantGroup section */

/* Begin XCBuildConfiguration section */
		F9F1C3D3259FC5CE0071FC38 /* Debug */ = {
			isa = XCBuildConfiguration;
			buildSettings = {
				ALWAYS_SEARCH_USER_PATHS = NO;
				CLANG_ANALYZER_NONNULL = YES;
				CLANG_ANALYZER_NUMBER_OBJECT_CONVERSION = YES_AGGRESSIVE;
				CLANG_CXX_LANGUAGE_STANDARD = "gnu++14";
				CLANG_CXX_LIBRARY = "libc++";
				CLANG_ENABLE_MODULES = YES;
				CLANG_ENABLE_OBJC_ARC = YES;
				CLANG_ENABLE_OBJC_WEAK = YES;
				CLANG_WARN_BLOCK_CAPTURE_AUTORELEASING = YES;
				CLANG_WARN_BOOL_CONVERSION = YES;
				CLANG_WARN_COMMA = YES;
				CLANG_WARN_CONSTANT_CONVERSION = YES;
				CLANG_WARN_DEPRECATED_OBJC_IMPLEMENTATIONS = YES;
				CLANG_WARN_DIRECT_OBJC_ISA_USAGE = YES_ERROR;
				CLANG_WARN_DOCUMENTATION_COMMENTS = YES;
				CLANG_WARN_EMPTY_BODY = YES;
				CLANG_WARN_ENUM_CONVERSION = YES;
				CLANG_WARN_INFINITE_RECURSION = YES;
				CLANG_WARN_INT_CONVERSION = YES;
				CLANG_WARN_NON_LITERAL_NULL_CONVERSION = YES;
				CLANG_WARN_OBJC_IMPLICIT_RETAIN_SELF = YES;
				CLANG_WARN_OBJC_LITERAL_CONVERSION = YES;
				CLANG_WARN_OBJC_ROOT_CLASS = YES_ERROR;
				CLANG_WARN_QUOTED_INCLUDE_IN_FRAMEWORK_HEADER = YES;
				CLANG_WARN_RANGE_LOOP_ANALYSIS = YES;
				CLANG_WARN_STRICT_PROTOTYPES = YES;
				CLANG_WARN_SUSPICIOUS_MOVE = YES;
				CLANG_WARN_UNGUARDED_AVAILABILITY = YES_AGGRESSIVE;
				CLANG_WARN_UNREACHABLE_CODE = YES;
				CLANG_WARN__DUPLICATE_METHOD_MATCH = YES;
				COPY_PHASE_STRIP = NO;
				DEBUG_INFORMATION_FORMAT = dwarf;
				ENABLE_STRICT_OBJC_MSGSEND = YES;
				ENABLE_TESTABILITY = YES;
				GCC_C_LANGUAGE_STANDARD = gnu11;
				GCC_DYNAMIC_NO_PIC = NO;
				GCC_NO_COMMON_BLOCKS = YES;
				GCC_OPTIMIZATION_LEVEL = 0;
				GCC_PREPROCESSOR_DEFINITIONS = (
					"DEBUG=1",
					"$(inherited)",
				);
				GCC_WARN_64_TO_32_BIT_CONVERSION = YES;
				GCC_WARN_ABOUT_RETURN_TYPE = YES_ERROR;
				GCC_WARN_UNDECLARED_SELECTOR = YES;
				GCC_WARN_UNINITIALIZED_AUTOS = YES_AGGRESSIVE;
				GCC_WARN_UNUSED_FUNCTION = YES;
				GCC_WARN_UNUSED_VARIABLE = YES;
				IPHONEOS_DEPLOYMENT_TARGET = 14.2;
				MTL_ENABLE_DEBUG_INFO = INCLUDE_SOURCE;
				MTL_FAST_MATH = YES;
				ONLY_ACTIVE_ARCH = YES;
				SDKROOT = iphoneos;
				SWIFT_ACTIVE_COMPILATION_CONDITIONS = DEBUG;
				SWIFT_OPTIMIZATION_LEVEL = "-Onone";
			};
			name = Debug;
		};
		F9F1C3D4259FC5CE0071FC38 /* Release */ = {
			isa = XCBuildConfiguration;
			buildSettings = {
				ALWAYS_SEARCH_USER_PATHS = NO;
				CLANG_ANALYZER_NONNULL = YES;
				CLANG_ANALYZER_NUMBER_OBJECT_CONVERSION = YES_AGGRESSIVE;
				CLANG_CXX_LANGUAGE_STANDARD = "gnu++14";
				CLANG_CXX_LIBRARY = "libc++";
				CLANG_ENABLE_MODULES = YES;
				CLANG_ENABLE_OBJC_ARC = YES;
				CLANG_ENABLE_OBJC_WEAK = YES;
				CLANG_WARN_BLOCK_CAPTURE_AUTORELEASING = YES;
				CLANG_WARN_BOOL_CONVERSION = YES;
				CLANG_WARN_COMMA = YES;
				CLANG_WARN_CONSTANT_CONVERSION = YES;
				CLANG_WARN_DEPRECATED_OBJC_IMPLEMENTATIONS = YES;
				CLANG_WARN_DIRECT_OBJC_ISA_USAGE = YES_ERROR;
				CLANG_WARN_DOCUMENTATION_COMMENTS = YES;
				CLANG_WARN_EMPTY_BODY = YES;
				CLANG_WARN_ENUM_CONVERSION = YES;
				CLANG_WARN_INFINITE_RECURSION = YES;
				CLANG_WARN_INT_CONVERSION = YES;
				CLANG_WARN_NON_LITERAL_NULL_CONVERSION = YES;
				CLANG_WARN_OBJC_IMPLICIT_RETAIN_SELF = YES;
				CLANG_WARN_OBJC_LITERAL_CONVERSION = YES;
				CLANG_WARN_OBJC_ROOT_CLASS = YES_ERROR;
				CLANG_WARN_QUOTED_INCLUDE_IN_FRAMEWORK_HEADER = YES;
				CLANG_WARN_RANGE_LOOP_ANALYSIS = YES;
				CLANG_WARN_STRICT_PROTOTYPES = YES;
				CLANG_WARN_SUSPICIOUS_MOVE = YES;
				CLANG_WARN_UNGUARDED_AVAILABILITY = YES_AGGRESSIVE;
				CLANG_WARN_UNREACHABLE_CODE = YES;
				CLANG_WARN__DUPLICATE_METHOD_MATCH = YES;
				COPY_PHASE_STRIP = NO;
				DEBUG_INFORMATION_FORMAT = "dwarf-with-dsym";
				ENABLE_NS_ASSERTIONS = NO;
				ENABLE_STRICT_OBJC_MSGSEND = YES;
				GCC_C_LANGUAGE_STANDARD = gnu11;
				GCC_NO_COMMON_BLOCKS = YES;
				GCC_WARN_64_TO_32_BIT_CONVERSION = YES;
				GCC_WARN_ABOUT_RETURN_TYPE = YES_ERROR;
				GCC_WARN_UNDECLARED_SELECTOR = YES;
				GCC_WARN_UNINITIALIZED_AUTOS = YES_AGGRESSIVE;
				GCC_WARN_UNUSED_FUNCTION = YES;
				GCC_WARN_UNUSED_VARIABLE = YES;
				IPHONEOS_DEPLOYMENT_TARGET = 14.2;
				MTL_ENABLE_DEBUG_INFO = NO;
				MTL_FAST_MATH = YES;
				SDKROOT = iphoneos;
				SWIFT_COMPILATION_MODE = wholemodule;
				SWIFT_OPTIMIZATION_LEVEL = "-O";
				VALIDATE_PRODUCT = YES;
			};
			name = Release;
		};
		F9F1C3D6259FC5CE0071FC38 /* Debug */ = {
			isa = XCBuildConfiguration;
			buildSettings = {
				ASSETCATALOG_COMPILER_APPICON_NAME = AppIcon;
				ASSETCATALOG_COMPILER_GLOBAL_ACCENT_COLOR_NAME = AccentColor;
				CODE_SIGN_STYLE = Automatic;
				DEVELOPMENT_TEAM = PZQX7NA5C6;
				INFOPLIST_FILE = "Pikachu Catch/Info.plist";
				LD_RUNPATH_SEARCH_PATHS = (
					"$(inherited)",
					"@executable_path/Frameworks",
				);
				PRODUCT_BUNDLE_IDENTIFIER = "com.skucuk.Pikachu-Catch";
				PRODUCT_NAME = "$(TARGET_NAME)";
				SWIFT_VERSION = 5.0;
				TARGETED_DEVICE_FAMILY = "1,2";
			};
			name = Debug;
		};
		F9F1C3D7259FC5CE0071FC38 /* Release */ = {
			isa = XCBuildConfiguration;
			buildSettings = {
				ASSETCATALOG_COMPILER_APPICON_NAME = AppIcon;
				ASSETCATALOG_COMPILER_GLOBAL_ACCENT_COLOR_NAME = AccentColor;
				CODE_SIGN_STYLE = Automatic;
				DEVELOPMENT_TEAM = PZQX7NA5C6;
				INFOPLIST_FILE = "Pikachu Catch/Info.plist";
				LD_RUNPATH_SEARCH_PATHS = (
					"$(inherited)",
					"@executable_path/Frameworks",
				);
				PRODUCT_BUNDLE_IDENTIFIER = "com.skucuk.Pikachu-Catch";
				PRODUCT_NAME = "$(TARGET_NAME)";
				SWIFT_VERSION = 5.0;
				TARGETED_DEVICE_FAMILY = "1,2";
			};
			name = Release;
		};
/* End XCBuildConfiguration section */

/* Begin XCConfigurationList section */
		F9F1C3BC259FC5CC0071FC38 /* Build configuration list for PBXProject "Pikachu Catch" */ = {
			isa = XCConfigurationList;
			buildConfigurations = (
				F9F1C3D3259FC5CE0071FC38 /* Debug */,
				F9F1C3D4259FC5CE0071FC38 /* Release */,
			);
			defaultConfigurationIsVisible = 0;
			defaultConfigurationName = Release;
		};
		F9F1C3D5259FC5CE0071FC38 /* Build configuration list for PBXNativeTarget "Pikachu Catch" */ = {
			isa = XCConfigurationList;
			buildConfigurations = (
				F9F1C3D6259FC5CE0071FC38 /* Debug */,
				F9F1C3D7259FC5CE0071FC38 /* Release */,
			);
			defaultConfigurationIsVisible = 0;
			defaultConfigurationName = Release;
		};
/* End XCConfigurationList section */
	};
	rootObject = F9F1C3B9259FC5CC0071FC38 /* Project object */;
}
